
Microsoft Visual Studio Solution File, Format Version 11.00
# Visual Studio 2010 Express for Windows Phone
Project("{FAE04EC0-301F-11D3-BF4B-00C04F79EFBC}") = "Core", "Core\Core.csproj", "{8D6793B0-BB88-41FE-ABAC-827AB0330E09}"
EndProject
Global
	GlobalSection(SolutionConfigurationPlatforms) = preSolution
		Debug|Windows Phone = Debug|Windows Phone
		Release|Windows Phone = Release|Windows Phone
	EndGlobalSection
	GlobalSection(ProjectConfigurationPlatforms) = postSolution
		{8D6793B0-BB88-41FE-ABAC-827AB0330E09}.Debug|Windows Phone.ActiveCfg = Debug|Windows Phone
		{8D6793B0-BB88-41FE-ABAC-827AB0330E09}.Debug|Windows Phone.Build.0 = Debug|Windows Phone
		{8D6793B0-BB88-41FE-ABAC-827AB0330E09}.Release|Windows Phone.ActiveCfg = Release|Windows Phone
		{8D6793B0-BB88-41FE-ABAC-827AB0330E09}.Release|Windows Phone.Build.0 = Release|Windows Phone
	EndGlobalSection
	GlobalSection(SolutionProperties) = preSolution
		HideSolutionNode = FALSE
	EndGlobalSection
EndGlobal
